
Microsoft Visual Studio Solution File, Format Version 12.00
# Visual Studio Version 17
VisualStudioVersion = 17.11.34929.205
MinimumVisualStudioVersion = 10.0.40219.1
Project("{FAE04EC0-301F-11D3-BF4B-00C04F79EFBC}") = "UserManagement", "UserManagement\UserManagement.csproj", "{D088C241-EE5A-4007-93C1-34ECF5DC67D0}"
EndProject
Global
	GlobalSection(SolutionConfigurationPlatforms) = preSolution
		Debug|Any CPU = Debug|Any CPU
		Release|Any CPU = Release|Any CPU
	EndGlobalSection
	GlobalSection(ProjectConfigurationPlatforms) = postSolution
		{D088C241-EE5A-4007-93C1-34ECF5DC67D0}.Debug|Any CPU.ActiveCfg = Debug|Any CPU
		{D088C241-EE5A-4007-93C1-34ECF5DC67D0}.Debug|Any CPU.Build.0 = Debug|Any CPU
		{D088C241-EE5A-4007-93C1-34ECF5DC67D0}.Release|Any CPU.ActiveCfg = Release|Any CPU
		{D088C241-EE5A-4007-93C1-34ECF5DC67D0}.Release|Any CPU.Build.0 = Release|Any CPU
	EndGlobalSection
	GlobalSection(SolutionProperties) = preSolution
		HideSolutionNode = FALSE
	EndGlobalSection
	GlobalSection(ExtensibilityGlobals) = postSolution
		SolutionGuid = {38321811-2AAC-4BDE-809D-287FA2331CD2}
	EndGlobalSection
EndGlobal
