
Microsoft Visual Studio Solution File, Format Version 12.00
# Visual Studio Version 17
VisualStudioVersion = 17.11.34929.205
MinimumVisualStudioVersion = 10.0.40219.1
Project("{FAE04EC0-301F-11D3-BF4B-00C04F79EFBC}") = "Presentation_Layer", "Presentation_Layer\Presentation_Layer.csproj", "{378E1C12-9453-4F4A-A781-6B39595D5C39}"
EndProject
Project("{FAE04EC0-301F-11D3-BF4B-00C04F79EFBC}") = "DAL", "DAL\DAL.csproj", "{63BFBF59-1AD3-4E1D-AB35-602BF2AD40A7}"
EndProject
Project("{FAE04EC0-301F-11D3-BF4B-00C04F79EFBC}") = "BAL", "BAL\BAL.csproj", "{54BA4E39-77F7-4975-93AF-310B9317A1FD}"
EndProject
Global
	GlobalSection(SolutionConfigurationPlatforms) = preSolution
		Debug|Any CPU = Debug|Any CPU
		Release|Any CPU = Release|Any CPU
	EndGlobalSection
	GlobalSection(ProjectConfigurationPlatforms) = postSolution
		{378E1C12-9453-4F4A-A781-6B39595D5C39}.Debug|Any CPU.ActiveCfg = Debug|Any CPU
		{378E1C12-9453-4F4A-A781-6B39595D5C39}.Debug|Any CPU.Build.0 = Debug|Any CPU
		{378E1C12-9453-4F4A-A781-6B39595D5C39}.Release|Any CPU.ActiveCfg = Release|Any CPU
		{378E1C12-9453-4F4A-A781-6B39595D5C39}.Release|Any CPU.Build.0 = Release|Any CPU
		{63BFBF59-1AD3-4E1D-AB35-602BF2AD40A7}.Debug|Any CPU.ActiveCfg = Debug|Any CPU
		{63BFBF59-1AD3-4E1D-AB35-602BF2AD40A7}.Debug|Any CPU.Build.0 = Debug|Any CPU
		{63BFBF59-1AD3-4E1D-AB35-602BF2AD40A7}.Release|Any CPU.ActiveCfg = Release|Any CPU
		{63BFBF59-1AD3-4E1D-AB35-602BF2AD40A7}.Release|Any CPU.Build.0 = Release|Any CPU
		{54BA4E39-77F7-4975-93AF-310B9317A1FD}.Debug|Any CPU.ActiveCfg = Debug|Any CPU
		{54BA4E39-77F7-4975-93AF-310B9317A1FD}.Debug|Any CPU.Build.0 = Debug|Any CPU
		{54BA4E39-77F7-4975-93AF-310B9317A1FD}.Release|Any CPU.ActiveCfg = Release|Any CPU
		{54BA4E39-77F7-4975-93AF-310B9317A1FD}.Release|Any CPU.Build.0 = Release|Any CPU
	EndGlobalSection
	GlobalSection(SolutionProperties) = preSolution
		HideSolutionNode = FALSE
	EndGlobalSection
	GlobalSection(ExtensibilityGlobals) = postSolution
		SolutionGuid = {6696B522-8A23-42A2-9383-9E96B0E8BC97}
	EndGlobalSection
EndGlobal
